// !$*UTF8*$!
{
	archiveVersion = 1;
	classes = {
	};
	objectVersion = 50;
	objects = {

/* Begin PBXBuildFile section */
		AAC37FC1C1E8696BB5C97FA2 /* Pods_wildWestGame.framework in Frameworks */ = {isa = PBXBuildFile; fileRef = A11768325B9B39004A78BD1A /* Pods_wildWestGame.framework */; };
		CE0A223F26395CF80001D6ED /* AppDelegate.swift in Sources */ = {isa = PBXBuildFile; fileRef = CE0A223E26395CF80001D6ED /* AppDelegate.swift */; };
		CE0A224126395CF80001D6ED /* SceneDelegate.swift in Sources */ = {isa = PBXBuildFile; fileRef = CE0A224026395CF80001D6ED /* SceneDelegate.swift */; };
		CE0A224326395CF80001D6ED /* MenuViewController.swift in Sources */ = {isa = PBXBuildFile; fileRef = CE0A224226395CF80001D6ED /* MenuViewController.swift */; };
		CE0A224626395CF80001D6ED /* Main.storyboard in Resources */ = {isa = PBXBuildFile; fileRef = CE0A224426395CF80001D6ED /* Main.storyboard */; };
		CE0A224826395CFC0001D6ED /* Assets.xcassets in Resources */ = {isa = PBXBuildFile; fileRef = CE0A224726395CFC0001D6ED /* Assets.xcassets */; };
		CE0A224B26395CFC0001D6ED /* LaunchScreen.storyboard in Resources */ = {isa = PBXBuildFile; fileRef = CE0A224926395CFC0001D6ED /* LaunchScreen.storyboard */; };
		CE68D06026396919006A949E /* PlacesModel.swift in Sources */ = {isa = PBXBuildFile; fileRef = CE68D05F26396919006A949E /* PlacesModel.swift */; };
		CE68D0642639696C006A949E /* NetworkingProtocols.swift in Sources */ = {isa = PBXBuildFile; fileRef = CE68D0632639696C006A949E /* NetworkingProtocols.swift */; };
		CE68D067263969A7006A949E /* PlacesRequest.swift in Sources */ = {isa = PBXBuildFile; fileRef = CE68D066263969A7006A949E /* PlacesRequest.swift */; };
		CE68D06A263969BF006A949E /* NetworkDataFetcher.swift in Sources */ = {isa = PBXBuildFile; fileRef = CE68D069263969BF006A949E /* NetworkDataFetcher.swift */; };
		CE68D06D263969E5006A949E /* DataFetcherService.swift in Sources */ = {isa = PBXBuildFile; fileRef = CE68D06C263969E5006A949E /* DataFetcherService.swift */; };
		CE68D07026397B88006A949E /* PlacesViewController.swift in Sources */ = {isa = PBXBuildFile; fileRef = CE68D06F26397B88006A949E /* PlacesViewController.swift */; };
		CE68D07326397D6B006A949E /* PlacesTableViewCell.swift in Sources */ = {isa = PBXBuildFile; fileRef = CE68D07226397D6B006A949E /* PlacesTableViewCell.swift */; };
/* End PBXBuildFile section */

/* Begin PBXFileReference section */
		A11768325B9B39004A78BD1A /* Pods_wildWestGame.framework */ = {isa = PBXFileReference; explicitFileType = wrapper.framework; includeInIndex = 0; path = Pods_wildWestGame.framework; sourceTree = BUILT_PRODUCTS_DIR; };
		A7684671D297559013CEB94E /* Pods-wildWestGame.debug.xcconfig */ = {isa = PBXFileReference; includeInIndex = 1; lastKnownFileType = text.xcconfig; name = "Pods-wildWestGame.debug.xcconfig"; path = "Target Support Files/Pods-wildWestGame/Pods-wildWestGame.debug.xcconfig"; sourceTree = "<group>"; };
		CE0A223B26395CF80001D6ED /* wildWestGame.app */ = {isa = PBXFileReference; explicitFileType = wrapper.application; includeInIndex = 0; path = wildWestGame.app; sourceTree = BUILT_PRODUCTS_DIR; };
		CE0A223E26395CF80001D6ED /* AppDelegate.swift */ = {isa = PBXFileReference; lastKnownFileType = sourcecode.swift; path = AppDelegate.swift; sourceTree = "<group>"; };
		CE0A224026395CF80001D6ED /* SceneDelegate.swift */ = {isa = PBXFileReference; lastKnownFileType = sourcecode.swift; path = SceneDelegate.swift; sourceTree = "<group>"; };
		CE0A224226395CF80001D6ED /* MenuViewController.swift */ = {isa = PBXFileReference; lastKnownFileType = sourcecode.swift; path = MenuViewController.swift; sourceTree = "<group>"; };
		CE0A224526395CF80001D6ED /* Base */ = {isa = PBXFileReference; lastKnownFileType = file.storyboard; name = Base; path = Base.lproj/Main.storyboard; sourceTree = "<group>"; };
		CE0A224726395CFC0001D6ED /* Assets.xcassets */ = {isa = PBXFileReference; lastKnownFileType = folder.assetcatalog; path = Assets.xcassets; sourceTree = "<group>"; };
		CE0A224A26395CFC0001D6ED /* Base */ = {isa = PBXFileReference; lastKnownFileType = file.storyboard; name = Base; path = Base.lproj/LaunchScreen.storyboard; sourceTree = "<group>"; };
		CE0A224C26395CFC0001D6ED /* Info.plist */ = {isa = PBXFileReference; lastKnownFileType = text.plist.xml; path = Info.plist; sourceTree = "<group>"; };
		CE68D05F26396919006A949E /* PlacesModel.swift */ = {isa = PBXFileReference; lastKnownFileType = sourcecode.swift; path = PlacesModel.swift; sourceTree = "<group>"; };
		CE68D0632639696C006A949E /* NetworkingProtocols.swift */ = {isa = PBXFileReference; lastKnownFileType = sourcecode.swift; path = NetworkingProtocols.swift; sourceTree = "<group>"; };
		CE68D066263969A7006A949E /* PlacesRequest.swift */ = {isa = PBXFileReference; lastKnownFileType = sourcecode.swift; path = PlacesRequest.swift; sourceTree = "<group>"; };
		CE68D069263969BF006A949E /* NetworkDataFetcher.swift */ = {isa = PBXFileReference; lastKnownFileType = sourcecode.swift; path = NetworkDataFetcher.swift; sourceTree = "<group>"; };
		CE68D06C263969E5006A949E /* DataFetcherService.swift */ = {isa = PBXFileReference; lastKnownFileType = sourcecode.swift; path = DataFetcherService.swift; sourceTree = "<group>"; };
		CE68D06F26397B88006A949E /* PlacesViewController.swift */ = {isa = PBXFileReference; lastKnownFileType = sourcecode.swift; path = PlacesViewController.swift; sourceTree = "<group>"; };
		CE68D07226397D6B006A949E /* PlacesTableViewCell.swift */ = {isa = PBXFileReference; lastKnownFileType = sourcecode.swift; path = PlacesTableViewCell.swift; sourceTree = "<group>"; };
		E7B024DCDDE67FE144F9EB49 /* Pods-wildWestGame.release.xcconfig */ = {isa = PBXFileReference; includeInIndex = 1; lastKnownFileType = text.xcconfig; name = "Pods-wildWestGame.release.xcconfig"; path = "Target Support Files/Pods-wildWestGame/Pods-wildWestGame.release.xcconfig"; sourceTree = "<group>"; };
/* End PBXFileReference section */

/* Begin PBXFrameworksBuildPhase section */
		CE0A223826395CF80001D6ED /* Frameworks */ = {
			isa = PBXFrameworksBuildPhase;
			buildActionMask = 2147483647;
			files = (
				AAC37FC1C1E8696BB5C97FA2 /* Pods_wildWestGame.framework in Frameworks */,
			);
			runOnlyForDeploymentPostprocessing = 0;
		};
/* End PBXFrameworksBuildPhase section */

/* Begin PBXGroup section */
		2C7D4F2AA5929DDDB971E021 /* Frameworks */ = {
			isa = PBXGroup;
			children = (
				A11768325B9B39004A78BD1A /* Pods_wildWestGame.framework */,
			);
			name = Frameworks;
			sourceTree = "<group>";
		};
		B7A24F5036921DF57CF12887 /* Pods */ = {
			isa = PBXGroup;
			children = (
				A7684671D297559013CEB94E /* Pods-wildWestGame.debug.xcconfig */,
				E7B024DCDDE67FE144F9EB49 /* Pods-wildWestGame.release.xcconfig */,
			);
			name = Pods;
			path = Pods;
			sourceTree = "<group>";
		};
		CE0A223226395CF80001D6ED = {
			isa = PBXGroup;
			children = (
				CE0A223D26395CF80001D6ED /* wildWestGame */,
				CE0A223C26395CF80001D6ED /* Products */,
				2C7D4F2AA5929DDDB971E021 /* Frameworks */,
				B7A24F5036921DF57CF12887 /* Pods */,
			);
			sourceTree = "<group>";
		};
		CE0A223C26395CF80001D6ED /* Products */ = {
			isa = PBXGroup;
			children = (
				CE0A223B26395CF80001D6ED /* wildWestGame.app */,
			);
			name = Products;
			sourceTree = "<group>";
		};
		CE0A223D26395CF80001D6ED /* wildWestGame */ = {
			isa = PBXGroup;
			children = (
				CE68D07626398256006A949E /* Cell */,
				CE68D07526398246006A949E /* ViewControllers */,
				CE68D0622639695E006A949E /* Services */,
				CE68D05E2639690B006A949E /* Model */,
				CE0A223E26395CF80001D6ED /* AppDelegate.swift */,
				CE0A224026395CF80001D6ED /* SceneDelegate.swift */,
				CE0A224426395CF80001D6ED /* Main.storyboard */,
				CE0A224726395CFC0001D6ED /* Assets.xcassets */,
				CE0A224926395CFC0001D6ED /* LaunchScreen.storyboard */,
				CE0A224C26395CFC0001D6ED /* Info.plist */,
			);
			path = wildWestGame;
			sourceTree = "<group>";
		};
		CE68D05E2639690B006A949E /* Model */ = {
			isa = PBXGroup;
			children = (
				CE68D05F26396919006A949E /* PlacesModel.swift */,
			);
			path = Model;
			sourceTree = "<group>";
		};
		CE68D0622639695E006A949E /* Services */ = {
			isa = PBXGroup;
			children = (
				CE68D0632639696C006A949E /* NetworkingProtocols.swift */,
				CE68D066263969A7006A949E /* PlacesRequest.swift */,
				CE68D069263969BF006A949E /* NetworkDataFetcher.swift */,
				CE68D06C263969E5006A949E /* DataFetcherService.swift */,
			);
			path = Services;
			sourceTree = "<group>";
		};
		CE68D07526398246006A949E /* ViewControllers */ = {
			isa = PBXGroup;
			children = (
				CE0A224226395CF80001D6ED /* MenuViewController.swift */,
				CE68D06F26397B88006A949E /* PlacesViewController.swift */,
			);
			path = ViewControllers;
			sourceTree = "<group>";
		};
		CE68D07626398256006A949E /* Cell */ = {
			isa = PBXGroup;
			children = (
				CE68D07226397D6B006A949E /* PlacesTableViewCell.swift */,
			);
			path = Cell;
			sourceTree = "<group>";
		};
/* End PBXGroup section */

/* Begin PBXNativeTarget section */
		CE0A223A26395CF80001D6ED /* wildWestGame */ = {
			isa = PBXNativeTarget;
			buildConfigurationList = CE0A224F26395CFC0001D6ED /* Build configuration list for PBXNativeTarget "wildWestGame" */;
			buildPhases = (
				3528ABDFFE61091029CDE09C /* [CP] Check Pods Manifest.lock */,
				CE0A223726395CF80001D6ED /* Sources */,
				CE0A223826395CF80001D6ED /* Frameworks */,
				CE0A223926395CF80001D6ED /* Resources */,
				2ABCDC7D42D03385D198A54D /* [CP] Embed Pods Frameworks */,
			);
			buildRules = (
			);
			dependencies = (
			);
			name = wildWestGame;
			productName = wildWestGame;
			productReference = CE0A223B26395CF80001D6ED /* wildWestGame.app */;
			productType = "com.apple.product-type.application";
		};
/* End PBXNativeTarget section */

/* Begin PBXProject section */
		CE0A223326395CF80001D6ED /* Project object */ = {
			isa = PBXProject;
			attributes = {
				LastSwiftUpdateCheck = 1240;
				LastUpgradeCheck = 1240;
				TargetAttributes = {
					CE0A223A26395CF80001D6ED = {
						CreatedOnToolsVersion = 12.4;
					};
				};
			};
			buildConfigurationList = CE0A223626395CF80001D6ED /* Build configuration list for PBXProject "wildWestGame" */;
			compatibilityVersion = "Xcode 9.3";
			developmentRegion = en;
			hasScannedForEncodings = 0;
			knownRegions = (
				en,
				Base,
			);
			mainGroup = CE0A223226395CF80001D6ED;
			productRefGroup = CE0A223C26395CF80001D6ED /* Products */;
			projectDirPath = "";
			projectRoot = "";
			targets = (
				CE0A223A26395CF80001D6ED /* wildWestGame */,
			);
		};
/* End PBXProject section */

/* Begin PBXResourcesBuildPhase section */
		CE0A223926395CF80001D6ED /* Resources */ = {
			isa = PBXResourcesBuildPhase;
			buildActionMask = 2147483647;
			files = (
				CE0A224B26395CFC0001D6ED /* LaunchScreen.storyboard in Resources */,
				CE0A224826395CFC0001D6ED /* Assets.xcassets in Resources */,
				CE0A224626395CF80001D6ED /* Main.storyboard in Resources */,
			);
			runOnlyForDeploymentPostprocessing = 0;
		};
/* End PBXResourcesBuildPhase section */

/* Begin PBXShellScriptBuildPhase section */
		2ABCDC7D42D03385D198A54D /* [CP] Embed Pods Frameworks */ = {
			isa = PBXShellScriptBuildPhase;
			buildActionMask = 2147483647;
			files = (
			);
			inputFileListPaths = (
				"${PODS_ROOT}/Target Support Files/Pods-wildWestGame/Pods-wildWestGame-frameworks-${CONFIGURATION}-input-files.xcfilelist",
			);
			name = "[CP] Embed Pods Frameworks";
			outputFileListPaths = (
				"${PODS_ROOT}/Target Support Files/Pods-wildWestGame/Pods-wildWestGame-frameworks-${CONFIGURATION}-output-files.xcfilelist",
			);
			runOnlyForDeploymentPostprocessing = 0;
			shellPath = /bin/sh;
			shellScript = "\"${PODS_ROOT}/Target Support Files/Pods-wildWestGame/Pods-wildWestGame-frameworks.sh\"\n";
			showEnvVarsInLog = 0;
		};
		3528ABDFFE61091029CDE09C /* [CP] Check Pods Manifest.lock */ = {
			isa = PBXShellScriptBuildPhase;
			buildActionMask = 2147483647;
			files = (
			);
			inputFileListPaths = (
			);
			inputPaths = (
				"${PODS_PODFILE_DIR_PATH}/Podfile.lock",
				"${PODS_ROOT}/Manifest.lock",
			);
			name = "[CP] Check Pods Manifest.lock";
			outputFileListPaths = (
			);
			outputPaths = (
				"$(DERIVED_FILE_DIR)/Pods-wildWestGame-checkManifestLockResult.txt",
			);
			runOnlyForDeploymentPostprocessing = 0;
			shellPath = /bin/sh;
			shellScript = "diff \"${PODS_PODFILE_DIR_PATH}/Podfile.lock\" \"${PODS_ROOT}/Manifest.lock\" > /dev/null\nif [ $? != 0 ] ; then\n    # print error to STDERR\n    echo \"error: The sandbox is not in sync with the Podfile.lock. Run 'pod install' or update your CocoaPods installation.\" >&2\n    exit 1\nfi\n# This output is used by Xcode 'outputs' to avoid re-running this script phase.\necho \"SUCCESS\" > \"${SCRIPT_OUTPUT_FILE_0}\"\n";
			showEnvVarsInLog = 0;
		};
/* End PBXShellScriptBuildPhase section */

/* Begin PBXSourcesBuildPhase section */
		CE0A223726395CF80001D6ED /* Sources */ = {
			isa = PBXSourcesBuildPhase;
			buildActionMask = 2147483647;
			files = (
				CE68D07026397B88006A949E /* PlacesViewController.swift in Sources */,
				CE68D06A263969BF006A949E /* NetworkDataFetcher.swift in Sources */,
				CE0A224326395CF80001D6ED /* MenuViewController.swift in Sources */,
				CE68D06026396919006A949E /* PlacesModel.swift in Sources */,
				CE68D0642639696C006A949E /* NetworkingProtocols.swift in Sources */,
				CE68D07326397D6B006A949E /* PlacesTableViewCell.swift in Sources */,
				CE68D067263969A7006A949E /* PlacesRequest.swift in Sources */,
				CE0A223F26395CF80001D6ED /* AppDelegate.swift in Sources */,
				CE0A224126395CF80001D6ED /* SceneDelegate.swift in Sources */,
				CE68D06D263969E5006A949E /* DataFetcherService.swift in Sources */,
			);
			runOnlyForDeploymentPostprocessing = 0;
		};
/* End PBXSourcesBuildPhase section */

/* Begin PBXVariantGroup section */
		CE0A224426395CF80001D6ED /* Main.storyboard */ = {
			isa = PBXVariantGroup;
			children = (
				CE0A224526395CF80001D6ED /* Base */,
			);
			name = Main.storyboard;
			sourceTree = "<group>";
		};
		CE0A224926395CFC0001D6ED /* LaunchScreen.storyboard */ = {
			isa = PBXVariantGroup;
			children = (
				CE0A224A26395CFC0001D6ED /* Base */,
			);
			name = LaunchScreen.storyboard;
			sourceTree = "<group>";
		};
/* End PBXVariantGroup section */

/* Begin XCBuildConfiguration section */
		CE0A224D26395CFC0001D6ED /* Debug */ = {
			isa = XCBuildConfiguration;
			buildSettings = {
				ALWAYS_SEARCH_USER_PATHS = NO;
				CLANG_ANALYZER_NONNULL = YES;
				CLANG_ANALYZER_NUMBER_OBJECT_CONVERSION = YES_AGGRESSIVE;
				CLANG_CXX_LANGUAGE_STANDARD = "gnu++14";
				CLANG_CXX_LIBRARY = "libc++";
				CLANG_ENABLE_MODULES = YES;
				CLANG_ENABLE_OBJC_ARC = YES;
				CLANG_ENABLE_OBJC_WEAK = YES;
				CLANG_WARN_BLOCK_CAPTURE_AUTORELEASING = YES;
				CLANG_WARN_BOOL_CONVERSION = YES;
				CLANG_WARN_COMMA = YES;
				CLANG_WARN_CONSTANT_CONVERSION = YES;
				CLANG_WARN_DEPRECATED_OBJC_IMPLEMENTATIONS = YES;
				CLANG_WARN_DIRECT_OBJC_ISA_USAGE = YES_ERROR;
				CLANG_WARN_DOCUMENTATION_COMMENTS = YES;
				CLANG_WARN_EMPTY_BODY = YES;
				CLANG_WARN_ENUM_CONVERSION = YES;
				CLANG_WARN_INFINITE_RECURSION = YES;
				CLANG_WARN_INT_CONVERSION = YES;
				CLANG_WARN_NON_LITERAL_NULL_CONVERSION = YES;
				CLANG_WARN_OBJC_IMPLICIT_RETAIN_SELF = YES;
				CLANG_WARN_OBJC_LITERAL_CONVERSION = YES;
				CLANG_WARN_OBJC_ROOT_CLASS = YES_ERROR;
				CLANG_WARN_QUOTED_INCLUDE_IN_FRAMEWORK_HEADER = YES;
				CLANG_WARN_RANGE_LOOP_ANALYSIS = YES;
				CLANG_WARN_STRICT_PROTOTYPES = YES;
				CLANG_WARN_SUSPICIOUS_MOVE = YES;
				CLANG_WARN_UNGUARDED_AVAILABILITY = YES_AGGRESSIVE;
				CLANG_WARN_UNREACHABLE_CODE = YES;
				CLANG_WARN__DUPLICATE_METHOD_MATCH = YES;
				COPY_PHASE_STRIP = NO;
				DEBUG_INFORMATION_FORMAT = dwarf;
				ENABLE_STRICT_OBJC_MSGSEND = YES;
				ENABLE_TESTABILITY = YES;
				GCC_C_LANGUAGE_STANDARD = gnu11;
				GCC_DYNAMIC_NO_PIC = NO;
				GCC_NO_COMMON_BLOCKS = YES;
				GCC_OPTIMIZATION_LEVEL = 0;
				GCC_PREPROCESSOR_DEFINITIONS = (
					"DEBUG=1",
					"$(inherited)",
				);
				GCC_WARN_64_TO_32_BIT_CONVERSION = YES;
				GCC_WARN_ABOUT_RETURN_TYPE = YES_ERROR;
				GCC_WARN_UNDECLARED_SELECTOR = YES;
				GCC_WARN_UNINITIALIZED_AUTOS = YES_AGGRESSIVE;
				GCC_WARN_UNUSED_FUNCTION = YES;
				GCC_WARN_UNUSED_VARIABLE = YES;
				IPHONEOS_DEPLOYMENT_TARGET = 14.4;
				MTL_ENABLE_DEBUG_INFO = INCLUDE_SOURCE;
				MTL_FAST_MATH = YES;
				ONLY_ACTIVE_ARCH = YES;
				SDKROOT = iphoneos;
				SWIFT_ACTIVE_COMPILATION_CONDITIONS = DEBUG;
				SWIFT_OPTIMIZATION_LEVEL = "-Onone";
			};
			name = Debug;
		};
		CE0A224E26395CFC0001D6ED /* Release */ = {
			isa = XCBuildConfiguration;
			buildSettings = {
				ALWAYS_SEARCH_USER_PATHS = NO;
				CLANG_ANALYZER_NONNULL = YES;
				CLANG_ANALYZER_NUMBER_OBJECT_CONVERSION = YES_AGGRESSIVE;
				CLANG_CXX_LANGUAGE_STANDARD = "gnu++14";
				CLANG_CXX_LIBRARY = "libc++";
				CLANG_ENABLE_MODULES = YES;
				CLANG_ENABLE_OBJC_ARC = YES;
				CLANG_ENABLE_OBJC_WEAK = YES;
				CLANG_WARN_BLOCK_CAPTURE_AUTORELEASING = YES;
				CLANG_WARN_BOOL_CONVERSION = YES;
				CLANG_WARN_COMMA = YES;
				CLANG_WARN_CONSTANT_CONVERSION = YES;
				CLANG_WARN_DEPRECATED_OBJC_IMPLEMENTATIONS = YES;
				CLANG_WARN_DIRECT_OBJC_ISA_USAGE = YES_ERROR;
				CLANG_WARN_DOCUMENTATION_COMMENTS = YES;
				CLANG_WARN_EMPTY_BODY = YES;
				CLANG_WARN_ENUM_CONVERSION = YES;
				CLANG_WARN_INFINITE_RECURSION = YES;
				CLANG_WARN_INT_CONVERSION = YES;
				CLANG_WARN_NON_LITERAL_NULL_CONVERSION = YES;
				CLANG_WARN_OBJC_IMPLICIT_RETAIN_SELF = YES;
				CLANG_WARN_OBJC_LITERAL_CONVERSION = YES;
				CLANG_WARN_OBJC_ROOT_CLASS = YES_ERROR;
				CLANG_WARN_QUOTED_INCLUDE_IN_FRAMEWORK_HEADER = YES;
				CLANG_WARN_RANGE_LOOP_ANALYSIS = YES;
				CLANG_WARN_STRICT_PROTOTYPES = YES;
				CLANG_WARN_SUSPICIOUS_MOVE = YES;
				CLANG_WARN_UNGUARDED_AVAILABILITY = YES_AGGRESSIVE;
				CLANG_WARN_UNREACHABLE_CODE = YES;
				CLANG_WARN__DUPLICATE_METHOD_MATCH = YES;
				COPY_PHASE_STRIP = NO;
				DEBUG_INFORMATION_FORMAT = "dwarf-with-dsym";
				ENABLE_NS_ASSERTIONS = NO;
				ENABLE_STRICT_OBJC_MSGSEND = YES;
				GCC_C_LANGUAGE_STANDARD = gnu11;
				GCC_NO_COMMON_BLOCKS = YES;
				GCC_WARN_64_TO_32_BIT_CONVERSION = YES;
				GCC_WARN_ABOUT_RETURN_TYPE = YES_ERROR;
				GCC_WARN_UNDECLARED_SELECTOR = YES;
				GCC_WARN_UNINITIALIZED_AUTOS = YES_AGGRESSIVE;
				GCC_WARN_UNUSED_FUNCTION = YES;
				GCC_WARN_UNUSED_VARIABLE = YES;
				IPHONEOS_DEPLOYMENT_TARGET = 14.4;
				MTL_ENABLE_DEBUG_INFO = NO;
				MTL_FAST_MATH = YES;
				SDKROOT = iphoneos;
				SWIFT_COMPILATION_MODE = wholemodule;
				SWIFT_OPTIMIZATION_LEVEL = "-O";
				VALIDATE_PRODUCT = YES;
			};
			name = Release;
		};
		CE0A225026395CFC0001D6ED /* Debug */ = {
			isa = XCBuildConfiguration;
			baseConfigurationReference = A7684671D297559013CEB94E /* Pods-wildWestGame.debug.xcconfig */;
			buildSettings = {
				ASSETCATALOG_COMPILER_APPICON_NAME = AppIcon;
				ASSETCATALOG_COMPILER_GLOBAL_ACCENT_COLOR_NAME = AccentColor;
				CODE_SIGN_STYLE = Automatic;
				DEVELOPMENT_TEAM = 3LGQ7BBGZ6;
				INFOPLIST_FILE = wildWestGame/Info.plist;
				LD_RUNPATH_SEARCH_PATHS = (
					"$(inherited)",
					"@executable_path/Frameworks",
				);
				PRODUCT_BUNDLE_IDENTIFIER = Igor.wildWestGame;
				PRODUCT_NAME = "$(TARGET_NAME)";
				SWIFT_VERSION = 5.0;
				TARGETED_DEVICE_FAMILY = "1,2";
			};
			name = Debug;
		};
		CE0A225126395CFC0001D6ED /* Release */ = {
			isa = XCBuildConfiguration;
			baseConfigurationReference = E7B024DCDDE67FE144F9EB49 /* Pods-wildWestGame.release.xcconfig */;
			buildSettings = {
				ASSETCATALOG_COMPILER_APPICON_NAME = AppIcon;
				ASSETCATALOG_COMPILER_GLOBAL_ACCENT_COLOR_NAME = AccentColor;
				CODE_SIGN_STYLE = Automatic;
				DEVELOPMENT_TEAM = 3LGQ7BBGZ6;
				INFOPLIST_FILE = wildWestGame/Info.plist;
				LD_RUNPATH_SEARCH_PATHS = (
					"$(inherited)",
					"@executable_path/Frameworks",
				);
				PRODUCT_BUNDLE_IDENTIFIER = Igor.wildWestGame;
				PRODUCT_NAME = "$(TARGET_NAME)";
				SWIFT_VERSION = 5.0;
				TARGETED_DEVICE_FAMILY = "1,2";
			};
			name = Release;
		};
/* End XCBuildConfiguration section */

/* Begin XCConfigurationList section */
		CE0A223626395CF80001D6ED /* Build configuration list for PBXProject "wildWestGame" */ = {
			isa = XCConfigurationList;
			buildConfigurations = (
				CE0A224D26395CFC0001D6ED /* Debug */,
				CE0A224E26395CFC0001D6ED /* Release */,
			);
			defaultConfigurationIsVisible = 0;
			defaultConfigurationName = Release;
		};
		CE0A224F26395CFC0001D6ED /* Build configuration list for PBXNativeTarget "wildWestGame" */ = {
			isa = XCConfigurationList;
			buildConfigurations = (
				CE0A225026395CFC0001D6ED /* Debug */,
				CE0A225126395CFC0001D6ED /* Release */,
			);
			defaultConfigurationIsVisible = 0;
			defaultConfigurationName = Release;
		};
/* End XCConfigurationList section */
	};
	rootObject = CE0A223326395CF80001D6ED /* Project object */;
}
